
Microsoft Visual Studio Solution File, Format Version 12.00
# Visual Studio 15
VisualStudioVersion = 15.0.28307.902
MinimumVisualStudioVersion = 10.0.40219.1
Project("{FAE04EC0-301F-11D3-BF4B-00C04F79EFBC}") = "C20 Ex01_1 MayOvadia 316252121 MayTzadoky 315530022", "C20 Ex01 May 316252121 May 315530022\C20 Ex01_1 MayOvadia 316252121 MayTzadoky 315530022.csproj", "{A9B1B59F-A6E5-4913-AAE1-D271AB4C19B0}"
EndProject
Project("{FAE04EC0-301F-11D3-BF4B-00C04F79EFBC}") = "C20 Ex01_2 MayOvadia 316252121 MayTzadoky 315530022", "C20 Ex01_2 MayOvadia 316252121 MayTzadoky 315530022\C20 Ex01_2 MayOvadia 316252121 MayTzadoky 315530022.csproj", "{17E263AA-F0B9-406B-A3F5-4261A7CF1E6F}"
EndProject
Project("{FAE04EC0-301F-11D3-BF4B-00C04F79EFBC}") = "C20 Ex01_3 MayOvadia 316252121 MayTzadoky 315530022", "C20 Ex01_3 MayOvadia 316252121 MayTzadoky 315530022\C20 Ex01_3 MayOvadia 316252121 MayTzadoky 315530022.csproj", "{EEBA7DE0-8613-4058-9351-9C65F917FB8A}"
EndProject
Project("{FAE04EC0-301F-11D3-BF4B-00C04F79EFBC}") = "C20 Ex01_4 MayOvadia 316252121 MayTzadoky 315530022", "C20 Ex01_4 MayOvadia 316252121 MayTzadoky 315530022\C20 Ex01_4 MayOvadia 316252121 MayTzadoky 315530022.csproj", "{2B0B040E-7E61-435B-8B45-EC28F96766A6}"
EndProject
Project("{FAE04EC0-301F-11D3-BF4B-00C04F79EFBC}") = "C20 Ex01_5 MayOvadia 316252121 MayTzadoky 315530022", "C20 Ex01_5 MayOvadia 316252121 MayTzadoky 315530022\C20 Ex01_5 MayOvadia 316252121 MayTzadoky 315530022.csproj", "{A4ED4186-A84E-470B-8134-1E7B4778447E}"
EndProject
Project("{FAE04EC0-301F-11D3-BF4B-00C04F79EFBC}") = "C20 Ex01_6 MayOvadia 316252121 MayTzadoky 315530022", "C20 Ex01_6 MayOvadia 316252121 MayTzadoky 315530022\C20 Ex01_6 MayOvadia 316252121 MayTzadoky 315530022.csproj", "{AAB3CDC0-979E-4806-A68C-D8F564691A3E}"
EndProject
Global
	GlobalSection(SolutionConfigurationPlatforms) = preSolution
		Debug|Any CPU = Debug|Any CPU
		Release|Any CPU = Release|Any CPU
	EndGlobalSection
	GlobalSection(ProjectConfigurationPlatforms) = postSolution
		{A9B1B59F-A6E5-4913-AAE1-D271AB4C19B0}.Debug|Any CPU.ActiveCfg = Debug|Any CPU
		{A9B1B59F-A6E5-4913-AAE1-D271AB4C19B0}.Debug|Any CPU.Build.0 = Debug|Any CPU
		{A9B1B59F-A6E5-4913-AAE1-D271AB4C19B0}.Release|Any CPU.ActiveCfg = Release|Any CPU
		{A9B1B59F-A6E5-4913-AAE1-D271AB4C19B0}.Release|Any CPU.Build.0 = Release|Any CPU
		{17E263AA-F0B9-406B-A3F5-4261A7CF1E6F}.Debug|Any CPU.ActiveCfg = Debug|Any CPU
		{17E263AA-F0B9-406B-A3F5-4261A7CF1E6F}.Debug|Any CPU.Build.0 = Debug|Any CPU
		{17E263AA-F0B9-406B-A3F5-4261A7CF1E6F}.Release|Any CPU.ActiveCfg = Release|Any CPU
		{17E263AA-F0B9-406B-A3F5-4261A7CF1E6F}.Release|Any CPU.Build.0 = Release|Any CPU
		{EEBA7DE0-8613-4058-9351-9C65F917FB8A}.Debug|Any CPU.ActiveCfg = Debug|Any CPU
		{EEBA7DE0-8613-4058-9351-9C65F917FB8A}.Debug|Any CPU.Build.0 = Debug|Any CPU
		{EEBA7DE0-8613-4058-9351-9C65F917FB8A}.Release|Any CPU.ActiveCfg = Release|Any CPU
		{EEBA7DE0-8613-4058-9351-9C65F917FB8A}.Release|Any CPU.Build.0 = Release|Any CPU
		{2B0B040E-7E61-435B-8B45-EC28F96766A6}.Debug|Any CPU.ActiveCfg = Debug|Any CPU
		{2B0B040E-7E61-435B-8B45-EC28F96766A6}.Debug|Any CPU.Build.0 = Debug|Any CPU
		{2B0B040E-7E61-435B-8B45-EC28F96766A6}.Release|Any CPU.ActiveCfg = Release|Any CPU
		{2B0B040E-7E61-435B-8B45-EC28F96766A6}.Release|Any CPU.Build.0 = Release|Any CPU
		{A4ED4186-A84E-470B-8134-1E7B4778447E}.Debug|Any CPU.ActiveCfg = Debug|Any CPU
		{A4ED4186-A84E-470B-8134-1E7B4778447E}.Debug|Any CPU.Build.0 = Debug|Any CPU
		{A4ED4186-A84E-470B-8134-1E7B4778447E}.Release|Any CPU.ActiveCfg = Release|Any CPU
		{A4ED4186-A84E-470B-8134-1E7B4778447E}.Release|Any CPU.Build.0 = Release|Any CPU
		{AAB3CDC0-979E-4806-A68C-D8F564691A3E}.Debug|Any CPU.ActiveCfg = Debug|Any CPU
		{AAB3CDC0-979E-4806-A68C-D8F564691A3E}.Debug|Any CPU.Build.0 = Debug|Any CPU
		{AAB3CDC0-979E-4806-A68C-D8F564691A3E}.Release|Any CPU.ActiveCfg = Release|Any CPU
		{AAB3CDC0-979E-4806-A68C-D8F564691A3E}.Release|Any CPU.Build.0 = Release|Any CPU
	EndGlobalSection
	GlobalSection(SolutionProperties) = preSolution
		HideSolutionNode = FALSE
	EndGlobalSection
	GlobalSection(ExtensibilityGlobals) = postSolution
		SolutionGuid = {46398323-DE62-4F04-BAA3-F8C12BF3A331}
	EndGlobalSection
EndGlobal
