
Microsoft Visual Studio Solution File, Format Version 12.00
# Visual Studio 15
VisualStudioVersion = 15.0.28307.902
MinimumVisualStudioVersion = 10.0.40219.1
Project("{FAE04EC0-301F-11D3-BF4B-00C04F79EFBC}") = "C20 Ex01 MayOvadia 316252121 MayTzadoky 315530022", "c20 Ex01 MayOvadia 316252121 MayTzadoky 315530022\C20 Ex01 MayOvadia 316252121 MayTzadoky 315530022.csproj", "{DB224656-67A3-4C14-A036-4D7B6E850DAC}"
EndProject
Global
	GlobalSection(SolutionConfigurationPlatforms) = preSolution
		Debug|Any CPU = Debug|Any CPU
		Release|Any CPU = Release|Any CPU
	EndGlobalSection
	GlobalSection(ProjectConfigurationPlatforms) = postSolution
		{DB224656-67A3-4C14-A036-4D7B6E850DAC}.Debug|Any CPU.ActiveCfg = Debug|Any CPU
		{DB224656-67A3-4C14-A036-4D7B6E850DAC}.Debug|Any CPU.Build.0 = Debug|Any CPU
		{DB224656-67A3-4C14-A036-4D7B6E850DAC}.Release|Any CPU.ActiveCfg = Release|Any CPU
		{DB224656-67A3-4C14-A036-4D7B6E850DAC}.Release|Any CPU.Build.0 = Release|Any CPU
	EndGlobalSection
	GlobalSection(SolutionProperties) = preSolution
		HideSolutionNode = FALSE
	EndGlobalSection
	GlobalSection(ExtensibilityGlobals) = postSolution
		SolutionGuid = {29EAA95C-9E56-4294-93A6-50C40C0BC549}
	EndGlobalSection
EndGlobal
